Microsoft Visual Studio Solution File, Format Version 12.00
# Visual Studio Version 17
VisualStudioVersion = 17.5.2.0
MinimumVisualStudioVersion = 10.0.40219.1
Project("{FAE04EC0-301F-11D3-BF4B-00C04F79EFBC}") = "meth", "meth.csproj", "{52E809B0-09EC-7E5B-96B5-5EA60035C753}"
EndProject
Global
	GlobalSection(SolutionConfigurationPlatforms) = preSolution
		Debug|Any CPU = Debug|Any CPU
		Release|Any CPU = Release|Any CPU
	EndGlobalSection
	GlobalSection(ProjectConfigurationPlatforms) = postSolution
		{52E809B0-09EC-7E5B-96B5-5EA60035C753}.Debug|Any CPU.ActiveCfg = Debug|Any CPU
		{52E809B0-09EC-7E5B-96B5-5EA60035C753}.Debug|Any CPU.Build.0 = Debug|Any CPU
		{52E809B0-09EC-7E5B-96B5-5EA60035C753}.Release|Any CPU.ActiveCfg = Release|Any CPU
		{52E809B0-09EC-7E5B-96B5-5EA60035C753}.Release|Any CPU.Build.0 = Release|Any CPU
	EndGlobalSection
	GlobalSection(SolutionProperties) = preSolution
		HideSolutionNode = FALSE
	EndGlobalSection
	GlobalSection(ExtensibilityGlobals) = postSolution
		SolutionGuid = {BE160E32-209E-4727-8AE0-27921EB665B0}
	EndGlobalSection
EndGlobal
